
Microsoft Visual Studio Solution File, Format Version 12.00
# Visual Studio Version 16
VisualStudioVersion = 16.0.30204.135
MinimumVisualStudioVersion = 10.0.40219.1
Project("{FAE04EC0-301F-11D3-BF4B-00C04F79EFBC}") = "azdyrski.Umbraco-User-Reporting", "azdyrski.Umbraco-User-Reporting\azdyrski.Umbraco-User-Reporting.csproj", "{C4355462-5B41-48A4-ADC8-91A3926042A0}"
EndProject
Project("{E24C65DC-7377-472B-9ABA-BC803B73C61A}") = "Umbraco", "Umbraco\", "{D0C8CE80-3BEC-4C8A-8458-85126BF399E9}"
	ProjectSection(WebsiteProperties) = preProject
		TargetFrameworkMoniker = ".NETFramework,Version%3Dv4.0"
		Debug.AspNetCompiler.VirtualPath = "/localhost_64967"
		Debug.AspNetCompiler.PhysicalPath = "Umbraco\"
		Debug.AspNetCompiler.TargetPath = "PrecompiledWeb\localhost_64967\"
		Debug.AspNetCompiler.Updateable = "true"
		Debug.AspNetCompiler.ForceOverwrite = "true"
		Debug.AspNetCompiler.FixedNames = "false"
		Debug.AspNetCompiler.Debug = "True"
		Release.AspNetCompiler.VirtualPath = "/localhost_64967"
		Release.AspNetCompiler.PhysicalPath = "Umbraco\"
		Release.AspNetCompiler.TargetPath = "PrecompiledWeb\localhost_64967\"
		Release.AspNetCompiler.Updateable = "true"
		Release.AspNetCompiler.ForceOverwrite = "true"
		Release.AspNetCompiler.FixedNames = "false"
		Release.AspNetCompiler.Debug = "False"
		VWDPort = "64967"
		SlnRelativePath = "Umbraco\"
	EndProjectSection
EndProject
Global
	GlobalSection(SolutionConfigurationPlatforms) = preSolution
		Debug|Any CPU = Debug|Any CPU
		Release|Any CPU = Release|Any CPU
	EndGlobalSection
	GlobalSection(ProjectConfigurationPlatforms) = postSolution
		{C4355462-5B41-48A4-ADC8-91A3926042A0}.Debug|Any CPU.ActiveCfg = Debug|Any CPU
		{C4355462-5B41-48A4-ADC8-91A3926042A0}.Debug|Any CPU.Build.0 = Debug|Any CPU
		{C4355462-5B41-48A4-ADC8-91A3926042A0}.Release|Any CPU.ActiveCfg = Release|Any CPU
		{C4355462-5B41-48A4-ADC8-91A3926042A0}.Release|Any CPU.Build.0 = Release|Any CPU
		{D0C8CE80-3BEC-4C8A-8458-85126BF399E9}.Debug|Any CPU.ActiveCfg = Debug|Any CPU
		{D0C8CE80-3BEC-4C8A-8458-85126BF399E9}.Debug|Any CPU.Build.0 = Debug|Any CPU
		{D0C8CE80-3BEC-4C8A-8458-85126BF399E9}.Release|Any CPU.ActiveCfg = Debug|Any CPU
		{D0C8CE80-3BEC-4C8A-8458-85126BF399E9}.Release|Any CPU.Build.0 = Debug|Any CPU
	EndGlobalSection
	GlobalSection(SolutionProperties) = preSolution
		HideSolutionNode = FALSE
	EndGlobalSection
	GlobalSection(ExtensibilityGlobals) = postSolution
		SolutionGuid = {98054E11-3FB4-4927-BAA5-EC35583F01A2}
	EndGlobalSection
EndGlobal
